// !$*UTF8*$!
{
	archiveVersion = 1;
	classes = {
	};
	objectVersion = 46;
	objects = {

/* Begin PBXBuildFile section */
		020AA71B1E697C49001A190D /* 鍵.png in Resources */ = {isa = PBXBuildFile; fileRef = 020AA71A1E697C49001A190D /* 鍵.png */; };
		020AA7211E698AC4001A190D /* 野獣先輩.jpg in Resources */ = {isa = PBXBuildFile; fileRef = 020AA7201E698AC4001A190D /* 野獣先輩.jpg */; };
		023D26391E447E910061FEB8 /* CustomCell.xib in Resources */ = {isa = PBXBuildFile; fileRef = 023D26381E447E900061FEB8 /* CustomCell.xib */; };
		023D263B1E447F3D0061FEB8 /* CustomCell.swift in Sources */ = {isa = PBXBuildFile; fileRef = 023D263A1E447F3D0061FEB8 /* CustomCell.swift */; };
		023D26421E44966C0061FEB8 /* コダック.jpg in Resources */ = {isa = PBXBuildFile; fileRef = 023D263C1E44966C0061FEB8 /* コダック.jpg */; };
		023D26431E44966C0061FEB8 /* ミートボール.jpg in Resources */ = {isa = PBXBuildFile; fileRef = 023D263D1E44966C0061FEB8 /* ミートボール.jpg */; };
		023D26441E44966C0061FEB8 /* 安村.jpg in Resources */ = {isa = PBXBuildFile; fileRef = 023D263E1E44966C0061FEB8 /* 安村.jpg */; };
		023D26451E44966C0061FEB8 /* とまと.jpg in Resources */ = {isa = PBXBuildFile; fileRef = 023D263F1E44966C0061FEB8 /* とまと.jpg */; };
		023D26461E44966C0061FEB8 /* もやし.png in Resources */ = {isa = PBXBuildFile; fileRef = 023D26401E44966C0061FEB8 /* もやし.png */; };
		023D26491E44A3550061FEB8 /* ProfillViewController.swift in Sources */ = {isa = PBXBuildFile; fileRef = 023D26481E44A3550061FEB8 /* ProfillViewController.swift */; };
		0262690A1E3B5B4B00CF46EE /* AppDelegate.swift in Sources */ = {isa = PBXBuildFile; fileRef = 026269091E3B5B4B00CF46EE /* AppDelegate.swift */; };
		0262690C1E3B5B4B00CF46EE /* ViewController.swift in Sources */ = {isa = PBXBuildFile; fileRef = 0262690B1E3B5B4B00CF46EE /* ViewController.swift */; };
		0262690F1E3B5B4B00CF46EE /* Main.storyboard in Resources */ = {isa = PBXBuildFile; fileRef = 0262690D1E3B5B4B00CF46EE /* Main.storyboard */; };
		026269111E3B5B4B00CF46EE /* Assets.xcassets in Resources */ = {isa = PBXBuildFile; fileRef = 026269101E3B5B4B00CF46EE /* Assets.xcassets */; };
		026269141E3B5B4B00CF46EE /* LaunchScreen.storyboard in Resources */ = {isa = PBXBuildFile; fileRef = 026269121E3B5B4B00CF46EE /* LaunchScreen.storyboard */; };
		0262691F1E3B5B4B00CF46EE /* TechpodTests.swift in Sources */ = {isa = PBXBuildFile; fileRef = 0262691E1E3B5B4B00CF46EE /* TechpodTests.swift */; };
		0262692A1E3B5B4B00CF46EE /* TechpodUITests.swift in Sources */ = {isa = PBXBuildFile; fileRef = 026269291E3B5B4B00CF46EE /* TechpodUITests.swift */; };
		02A53DA41E4DCDA0006E1EE4 /* user.png in Resources */ = {isa = PBXBuildFile; fileRef = 02A53DA31E4DCDA0006E1EE4 /* user.png */; };
		02A53DA61E4DCDD5006E1EE4 /* bubble.png in Resources */ = {isa = PBXBuildFile; fileRef = 02A53DA51E4DCDD5006E1EE4 /* bubble.png */; };
		02A53DA81E4DCE47006E1EE4 /* world.png in Resources */ = {isa = PBXBuildFile; fileRef = 02A53DA71E4DCE47006E1EE4 /* world.png */; };
		02A53DAA1E4DCE51006E1EE4 /* settings.png in Resources */ = {isa = PBXBuildFile; fileRef = 02A53DA91E4DCE51006E1EE4 /* settings.png */; };
		02C1DED51E72C25D004CA93D /* FriendsViewController.swift in Sources */ = {isa = PBXBuildFile; fileRef = 02C1DED41E72C25D004CA93D /* FriendsViewController.swift */; };
		02C1DED71E72C294004CA93D /* FriendsCell.xib in Resources */ = {isa = PBXBuildFile; fileRef = 02C1DED61E72C294004CA93D /* FriendsCell.xib */; };
		02C1DEDB1E72C494004CA93D /* FriendsCell.swift in Sources */ = {isa = PBXBuildFile; fileRef = 02C1DEDA1E72C493004CA93D /* FriendsCell.swift */; };
		02F630E11E5701BD00E2AAEB /* CreateNewGroupCell.xib in Resources */ = {isa = PBXBuildFile; fileRef = 02F630E01E5701BD00E2AAEB /* CreateNewGroupCell.xib */; };
		02F630E31E5701EA00E2AAEB /* CreateNewGroupCell.swift in Sources */ = {isa = PBXBuildFile; fileRef = 02F630E21E5701EA00E2AAEB /* CreateNewGroupCell.swift */; };
		02F630E61E57046600E2AAEB /* TyatCell.xib in Resources */ = {isa = PBXBuildFile; fileRef = 02F630E51E57046600E2AAEB /* TyatCell.xib */; };
		02F630E81E57054800E2AAEB /* TyatCell.swift in Sources */ = {isa = PBXBuildFile; fileRef = 02F630E71E57054800E2AAEB /* TyatCell.swift */; };
		02F630EA1E5708E300E2AAEB /* TyatViewController.swift in Sources */ = {isa = PBXBuildFile; fileRef = 02F630E91E5708E300E2AAEB /* TyatViewController.swift */; };
		02F630EC1E60432E00E2AAEB /* MakeCell.xib in Resources */ = {isa = PBXBuildFile; fileRef = 02F630EB1E60432E00E2AAEB /* MakeCell.xib */; };
		02F630F01E6044D400E2AAEB /* MakeViewController.swift in Sources */ = {isa = PBXBuildFile; fileRef = 02F630EF1E6044D400E2AAEB /* MakeViewController.swift */; };
		02F630F41E6048DE00E2AAEB /* MakeCell.swift in Sources */ = {isa = PBXBuildFile; fileRef = 02F630F31E6048DE00E2AAEB /* MakeCell.swift */; };
		02F630F61E6049FB00E2AAEB /* ConfigCell.xib in Resources */ = {isa = PBXBuildFile; fileRef = 02F630F51E6049FB00E2AAEB /* ConfigCell.xib */; };
		02F630F81E604B3F00E2AAEB /* ConfigCell.swift in Sources */ = {isa = PBXBuildFile; fileRef = 02F630F71E604B3F00E2AAEB /* ConfigCell.swift */; };
		02F630FA1E604D1B00E2AAEB /* ConfigViewController.swift in Sources */ = {isa = PBXBuildFile; fileRef = 02F630F91E604D1B00E2AAEB /* ConfigViewController.swift */; };
/* End PBXBuildFile section */

/* Begin PBXContainerItemProxy section */
		0262691B1E3B5B4B00CF46EE /* PBXContainerItemProxy */ = {
			isa = PBXContainerItemProxy;
			containerPortal = 026268FE1E3B5B4B00CF46EE /* Project object */;
			proxyType = 1;
			remoteGlobalIDString = 026269051E3B5B4B00CF46EE;
			remoteInfo = Techpod;
		};
		026269261E3B5B4B00CF46EE /* PBXContainerItemProxy */ = {
			isa = PBXContainerItemProxy;
			containerPortal = 026268FE1E3B5B4B00CF46EE /* Project object */;
			proxyType = 1;
			remoteGlobalIDString = 026269051E3B5B4B00CF46EE;
			remoteInfo = Techpod;
		};
/* End PBXContainerItemProxy section */

/* Begin PBXFileReference section */
		020AA71A1E697C49001A190D /* 鍵.png */ = {isa = PBXFileReference; lastKnownFileType = image.png; path = "鍵.png"; sourceTree = "<group>"; };
		020AA7201E698AC4001A190D /* 野獣先輩.jpg */ = {isa = PBXFileReference; lastKnownFileType = image.jpeg; path = "野獣先輩.jpg"; sourceTree = "<group>"; };
		023D26381E447E900061FEB8 /* CustomCell.xib */ = {isa = PBXFileReference; fileEncoding = 4; lastKnownFileType = file.xib; path = CustomCell.xib; sourceTree = "<group>"; };
		023D263A1E447F3D0061FEB8 /* CustomCell.swift */ = {isa = PBXFileReference; fileEncoding = 4; lastKnownFileType = sourcecode.swift; path = CustomCell.swift; sourceTree = "<group>"; };
		023D263C1E44966C0061FEB8 /* コダック.jpg */ = {isa = PBXFileReference; lastKnownFileType = image.jpeg; path = "コダック.jpg"; sourceTree = "<group>"; };
		023D263D1E44966C0061FEB8 /* ミートボール.jpg */ = {isa = PBXFileReference; lastKnownFileType = image.jpeg; path = "ミートボール.jpg"; sourceTree = "<group>"; };
		023D263E1E44966C0061FEB8 /* 安村.jpg */ = {isa = PBXFileReference; lastKnownFileType = image.jpeg; path = "安村.jpg"; sourceTree = "<group>"; };
		023D263F1E44966C0061FEB8 /* とまと.jpg */ = {isa = PBXFileReference; lastKnownFileType = image.jpeg; path = "とまと.jpg"; sourceTree = "<group>"; };
		023D26401E44966C0061FEB8 /* もやし.png */ = {isa = PBXFileReference; lastKnownFileType = image.png; path = "もやし.png"; sourceTree = "<group>"; };
		023D26481E44A3550061FEB8 /* ProfillViewController.swift */ = {isa = PBXFileReference; fileEncoding = 4; lastKnownFileType = sourcecode.swift; path = ProfillViewController.swift; sourceTree = "<group>"; };
		026269061E3B5B4B00CF46EE /* Techpod.app */ = {isa = PBXFileReference; explicitFileType = wrapper.application; includeInIndex = 0; path = Techpod.app; sourceTree = BUILT_PRODUCTS_DIR; };
		026269091E3B5B4B00CF46EE /* AppDelegate.swift */ = {isa = PBXFileReference; lastKnownFileType = sourcecode.swift; path = AppDelegate.swift; sourceTree = "<group>"; };
		0262690B1E3B5B4B00CF46EE /* ViewController.swift */ = {isa = PBXFileReference; lastKnownFileType = sourcecode.swift; path = ViewController.swift; sourceTree = "<group>"; };
		0262690E1E3B5B4B00CF46EE /* Base */ = {isa = PBXFileReference; lastKnownFileType = file.storyboard; name = Base; path = Base.lproj/Main.storyboard; sourceTree = "<group>"; };
		026269101E3B5B4B00CF46EE /* Assets.xcassets */ = {isa = PBXFileReference; lastKnownFileType = folder.assetcatalog; path = Assets.xcassets; sourceTree = "<group>"; };
		026269131E3B5B4B00CF46EE /* Base */ = {isa = PBXFileReference; lastKnownFileType = file.storyboard; name = Base; path = Base.lproj/LaunchScreen.storyboard; sourceTree = "<group>"; };
		026269151E3B5B4B00CF46EE /* Info.plist */ = {isa = PBXFileReference; lastKnownFileType = text.plist.xml; path = Info.plist; sourceTree = "<group>"; };
		0262691A1E3B5B4B00CF46EE /* TechpodTests.xctest */ = {isa = PBXFileReference; explicitFileType = wrapper.cfbundle; includeInIndex = 0; path = TechpodTests.xctest; sourceTree = BUILT_PRODUCTS_DIR; };
		0262691E1E3B5B4B00CF46EE /* TechpodTests.swift */ = {isa = PBXFileReference; lastKnownFileType = sourcecode.swift; path = TechpodTests.swift; sourceTree = "<group>"; };
		026269201E3B5B4B00CF46EE /* Info.plist */ = {isa = PBXFileReference; lastKnownFileType = text.plist.xml; path = Info.plist; sourceTree = "<group>"; };
		026269251E3B5B4B00CF46EE /* TechpodUITests.xctest */ = {isa = PBXFileReference; explicitFileType = wrapper.cfbundle; includeInIndex = 0; path = TechpodUITests.xctest; sourceTree = BUILT_PRODUCTS_DIR; };
		026269291E3B5B4B00CF46EE /* TechpodUITests.swift */ = {isa = PBXFileReference; lastKnownFileType = sourcecode.swift; path = TechpodUITests.swift; sourceTree = "<group>"; };
		0262692B1E3B5B4B00CF46EE /* Info.plist */ = {isa = PBXFileReference; lastKnownFileType = text.plist.xml; path = Info.plist; sourceTree = "<group>"; };
		02A53DA31E4DCDA0006E1EE4 /* user.png */ = {isa = PBXFileReference; lastKnownFileType = image.png; path = user.png; sourceTree = "<group>"; };
		02A53DA51E4DCDD5006E1EE4 /* bubble.png */ = {isa = PBXFileReference; lastKnownFileType = image.png; path = bubble.png; sourceTree = "<group>"; };
		02A53DA71E4DCE47006E1EE4 /* world.png */ = {isa = PBXFileReference; lastKnownFileType = image.png; path = world.png; sourceTree = "<group>"; };
		02A53DA91E4DCE51006E1EE4 /* settings.png */ = {isa = PBXFileReference; lastKnownFileType = image.png; path = settings.png; sourceTree = "<group>"; };
		02C1DED41E72C25D004CA93D /* FriendsViewController.swift */ = {isa = PBXFileReference; fileEncoding = 4; lastKnownFileType = sourcecode.swift; path = FriendsViewController.swift; sourceTree = "<group>"; };
		02C1DED61E72C294004CA93D /* FriendsCell.xib */ = {isa = PBXFileReference; fileEncoding = 4; lastKnownFileType = file.xib; path = FriendsCell.xib; sourceTree = "<group>"; };
		02C1DEDA1E72C493004CA93D /* FriendsCell.swift */ = {isa = PBXFileReference; fileEncoding = 4; lastKnownFileType = sourcecode.swift; path = FriendsCell.swift; sourceTree = "<group>"; };
		02F630E01E5701BD00E2AAEB /* CreateNewGroupCell.xib */ = {isa = PBXFileReference; fileEncoding = 4; lastKnownFileType = file.xib; path = CreateNewGroupCell.xib; sourceTree = "<group>"; };
		02F630E21E5701EA00E2AAEB /* CreateNewGroupCell.swift */ = {isa = PBXFileReference; fileEncoding = 4; lastKnownFileType = sourcecode.swift; path = CreateNewGroupCell.swift; sourceTree = "<group>"; };
		02F630E51E57046600E2AAEB /* TyatCell.xib */ = {isa = PBXFileReference; fileEncoding = 4; lastKnownFileType = file.xib; path = TyatCell.xib; sourceTree = "<group>"; };
		02F630E71E57054800E2AAEB /* TyatCell.swift */ = {isa = PBXFileReference; fileEncoding = 4; lastKnownFileType = sourcecode.swift; path = TyatCell.swift; sourceTree = "<group>"; };
		02F630E91E5708E300E2AAEB /* TyatViewController.swift */ = {isa = PBXFileReference; fileEncoding = 4; lastKnownFileType = sourcecode.swift; path = TyatViewController.swift; sourceTree = "<group>"; };
		02F630EB1E60432E00E2AAEB /* MakeCell.xib */ = {isa = PBXFileReference; fileEncoding = 4; lastKnownFileType = file.xib; path = MakeCell.xib; sourceTree = "<group>"; };
		02F630EF1E6044D400E2AAEB /* MakeViewController.swift */ = {isa = PBXFileReference; fileEncoding = 4; lastKnownFileType = sourcecode.swift; path = MakeViewController.swift; sourceTree = "<group>"; };
		02F630F31E6048DE00E2AAEB /* MakeCell.swift */ = {isa = PBXFileReference; fileEncoding = 4; lastKnownFileType = sourcecode.swift; path = MakeCell.swift; sourceTree = "<group>"; };
		02F630F51E6049FB00E2AAEB /* ConfigCell.xib */ = {isa = PBXFileReference; fileEncoding = 4; lastKnownFileType = file.xib; path = ConfigCell.xib; sourceTree = "<group>"; };
		02F630F71E604B3F00E2AAEB /* ConfigCell.swift */ = {isa = PBXFileReference; fileEncoding = 4; lastKnownFileType = sourcecode.swift; path = ConfigCell.swift; sourceTree = "<group>"; };
		02F630F91E604D1B00E2AAEB /* ConfigViewController.swift */ = {isa = PBXFileReference; fileEncoding = 4; lastKnownFileType = sourcecode.swift; path = ConfigViewController.swift; sourceTree = "<group>"; };
/* End PBXFileReference section */

/* Begin PBXFrameworksBuildPhase section */
		026269031E3B5B4B00CF46EE /* Frameworks */ = {
			isa = PBXFrameworksBuildPhase;
			buildActionMask = 2147483647;
			files = (
			);
			runOnlyForDeploymentPostprocessing = 0;
		};
		026269171E3B5B4B00CF46EE /* Frameworks */ = {
			isa = PBXFrameworksBuildPhase;
			buildActionMask = 2147483647;
			files = (
			);
			runOnlyForDeploymentPostprocessing = 0;
		};
		026269221E3B5B4B00CF46EE /* Frameworks */ = {
			isa = PBXFrameworksBuildPhase;
			buildActionMask = 2147483647;
			files = (
			);
			runOnlyForDeploymentPostprocessing = 0;
		};
/* End PBXFrameworksBuildPhase section */

/* Begin PBXGroup section */
		026268FD1E3B5B4B00CF46EE = {
			isa = PBXGroup;
			children = (
				026269081E3B5B4B00CF46EE /* Techpod */,
				0262691D1E3B5B4B00CF46EE /* TechpodTests */,
				026269281E3B5B4B00CF46EE /* TechpodUITests */,
				026269071E3B5B4B00CF46EE /* Products */,
			);
			sourceTree = "<group>";
		};
		026269071E3B5B4B00CF46EE /* Products */ = {
			isa = PBXGroup;
			children = (
				026269061E3B5B4B00CF46EE /* Techpod.app */,
				0262691A1E3B5B4B00CF46EE /* TechpodTests.xctest */,
				026269251E3B5B4B00CF46EE /* TechpodUITests.xctest */,
			);
			name = Products;
			sourceTree = "<group>";
		};
		026269081E3B5B4B00CF46EE /* Techpod */ = {
			isa = PBXGroup;
			children = (
				026269091E3B5B4B00CF46EE /* AppDelegate.swift */,
				0262690B1E3B5B4B00CF46EE /* ViewController.swift */,
				02F630E91E5708E300E2AAEB /* TyatViewController.swift */,
				02F630EF1E6044D400E2AAEB /* MakeViewController.swift */,
				02F630F91E604D1B00E2AAEB /* ConfigViewController.swift */,
				02C1DED41E72C25D004CA93D /* FriendsViewController.swift */,
				0262690D1E3B5B4B00CF46EE /* Main.storyboard */,
				026269101E3B5B4B00CF46EE /* Assets.xcassets */,
				026269121E3B5B4B00CF46EE /* LaunchScreen.storyboard */,
				026269151E3B5B4B00CF46EE /* Info.plist */,
				023D26381E447E900061FEB8 /* CustomCell.xib */,
				023D263A1E447F3D0061FEB8 /* CustomCell.swift */,
				02F630E51E57046600E2AAEB /* TyatCell.xib */,
				02F630E71E57054800E2AAEB /* TyatCell.swift */,
				02F630EB1E60432E00E2AAEB /* MakeCell.xib */,
				02F630F31E6048DE00E2AAEB /* MakeCell.swift */,
				02F630F51E6049FB00E2AAEB /* ConfigCell.xib */,
				02F630F71E604B3F00E2AAEB /* ConfigCell.swift */,
				02C1DED61E72C294004CA93D /* FriendsCell.xib */,
				02C1DEDA1E72C493004CA93D /* FriendsCell.swift */,
				02F630E41E5703F800E2AAEB /* 画像たち */,
				023D26481E44A3550061FEB8 /* ProfillViewController.swift */,
				02F630E01E5701BD00E2AAEB /* CreateNewGroupCell.xib */,
				02F630E21E5701EA00E2AAEB /* CreateNewGroupCell.swift */,
			);
			path = Techpod;
			sourceTree = "<group>";
		};
		0262691D1E3B5B4B00CF46EE /* TechpodTests */ = {
			isa = PBXGroup;
			children = (
				0262691E1E3B5B4B00CF46EE /* TechpodTests.swift */,
				026269201E3B5B4B00CF46EE /* Info.plist */,
			);
			path = TechpodTests;
			sourceTree = "<group>";
		};
		026269281E3B5B4B00CF46EE /* TechpodUITests */ = {
			isa = PBXGroup;
			children = (
				026269291E3B5B4B00CF46EE /* TechpodUITests.swift */,
				0262692B1E3B5B4B00CF46EE /* Info.plist */,
			);
			path = TechpodUITests;
			sourceTree = "<group>";
		};
		02F630E41E5703F800E2AAEB /* 画像たち */ = {
			isa = PBXGroup;
			children = (
				020AA7201E698AC4001A190D /* 野獣先輩.jpg */,
				020AA71A1E697C49001A190D /* 鍵.png */,
				023D26401E44966C0061FEB8 /* もやし.png */,
				02A53DA31E4DCDA0006E1EE4 /* user.png */,
				023D263F1E44966C0061FEB8 /* とまと.jpg */,
				023D263E1E44966C0061FEB8 /* 安村.jpg */,
				023D263D1E44966C0061FEB8 /* ミートボール.jpg */,
				02A53DA91E4DCE51006E1EE4 /* settings.png */,
				023D263C1E44966C0061FEB8 /* コダック.jpg */,
				02A53DA51E4DCDD5006E1EE4 /* bubble.png */,
				02A53DA71E4DCE47006E1EE4 /* world.png */,
			);
			name = "画像たち";
			sourceTree = "<group>";
		};
/* End PBXGroup section */

/* Begin PBXNativeTarget section */
		026269051E3B5B4B00CF46EE /* Techpod */ = {
			isa = PBXNativeTarget;
			buildConfigurationList = 0262692E1E3B5B4B00CF46EE /* Build configuration list for PBXNativeTarget "Techpod" */;
			buildPhases = (
				026269021E3B5B4B00CF46EE /* Sources */,
				026269031E3B5B4B00CF46EE /* Frameworks */,
				026269041E3B5B4B00CF46EE /* Resources */,
			);
			buildRules = (
			);
			dependencies = (
			);
			name = Techpod;
			productName = Techpod;
			productReference = 026269061E3B5B4B00CF46EE /* Techpod.app */;
			productType = "com.apple.product-type.application";
		};
		026269191E3B5B4B00CF46EE /* TechpodTests */ = {
			isa = PBXNativeTarget;
			buildConfigurationList = 026269311E3B5B4B00CF46EE /* Build configuration list for PBXNativeTarget "TechpodTests" */;
			buildPhases = (
				026269161E3B5B4B00CF46EE /* Sources */,
				026269171E3B5B4B00CF46EE /* Frameworks */,
				026269181E3B5B4B00CF46EE /* Resources */,
			);
			buildRules = (
			);
			dependencies = (
				0262691C1E3B5B4B00CF46EE /* PBXTargetDependency */,
			);
			name = TechpodTests;
			productName = TechpodTests;
			productReference = 0262691A1E3B5B4B00CF46EE /* TechpodTests.xctest */;
			productType = "com.apple.product-type.bundle.unit-test";
		};
		026269241E3B5B4B00CF46EE /* TechpodUITests */ = {
			isa = PBXNativeTarget;
			buildConfigurationList = 026269341E3B5B4B00CF46EE /* Build configuration list for PBXNativeTarget "TechpodUITests" */;
			buildPhases = (
				026269211E3B5B4B00CF46EE /* Sources */,
				026269221E3B5B4B00CF46EE /* Frameworks */,
				026269231E3B5B4B00CF46EE /* Resources */,
			);
			buildRules = (
			);
			dependencies = (
				026269271E3B5B4B00CF46EE /* PBXTargetDependency */,
			);
			name = TechpodUITests;
			productName = TechpodUITests;
			productReference = 026269251E3B5B4B00CF46EE /* TechpodUITests.xctest */;
			productType = "com.apple.product-type.bundle.ui-testing";
		};
/* End PBXNativeTarget section */

/* Begin PBXProject section */
		026268FE1E3B5B4B00CF46EE /* Project object */ = {
			isa = PBXProject;
			attributes = {
				LastSwiftUpdateCheck = 0820;
				LastUpgradeCheck = 0820;
				ORGANIZATIONNAME = "阿部遥人";
				TargetAttributes = {
					026269051E3B5B4B00CF46EE = {
						CreatedOnToolsVersion = 8.2;
						ProvisioningStyle = Automatic;
					};
					026269191E3B5B4B00CF46EE = {
						CreatedOnToolsVersion = 8.2;
						ProvisioningStyle = Automatic;
						TestTargetID = 026269051E3B5B4B00CF46EE;
					};
					026269241E3B5B4B00CF46EE = {
						CreatedOnToolsVersion = 8.2;
						ProvisioningStyle = Automatic;
						TestTargetID = 026269051E3B5B4B00CF46EE;
					};
				};
			};
			buildConfigurationList = 026269011E3B5B4B00CF46EE /* Build configuration list for PBXProject "Techpod" */;
			compatibilityVersion = "Xcode 3.2";
			developmentRegion = English;
			hasScannedForEncodings = 0;
			knownRegions = (
				en,
				Base,
			);
			mainGroup = 026268FD1E3B5B4B00CF46EE;
			productRefGroup = 026269071E3B5B4B00CF46EE /* Products */;
			projectDirPath = "";
			projectRoot = "";
			targets = (
				026269051E3B5B4B00CF46EE /* Techpod */,
				026269191E3B5B4B00CF46EE /* TechpodTests */,
				026269241E3B5B4B00CF46EE /* TechpodUITests */,
			);
		};
/* End PBXProject section */

/* Begin PBXResourcesBuildPhase section */
		026269041E3B5B4B00CF46EE /* Resources */ = {
			isa = PBXResourcesBuildPhase;
			buildActionMask = 2147483647;
			files = (
				023D26431E44966C0061FEB8 /* ミートボール.jpg in Resources */,
				023D26441E44966C0061FEB8 /* 安村.jpg in Resources */,
				026269141E3B5B4B00CF46EE /* LaunchScreen.storyboard in Resources */,
				02C1DED71E72C294004CA93D /* FriendsCell.xib in Resources */,
				02A53DA41E4DCDA0006E1EE4 /* user.png in Resources */,
				026269111E3B5B4B00CF46EE /* Assets.xcassets in Resources */,
				02F630EC1E60432E00E2AAEB /* MakeCell.xib in Resources */,
				02A53DA61E4DCDD5006E1EE4 /* bubble.png in Resources */,
				023D26421E44966C0061FEB8 /* コダック.jpg in Resources */,
				02A53DA81E4DCE47006E1EE4 /* world.png in Resources */,
				02A53DAA1E4DCE51006E1EE4 /* settings.png in Resources */,
				02F630E11E5701BD00E2AAEB /* CreateNewGroupCell.xib in Resources */,
				020AA7211E698AC4001A190D /* 野獣先輩.jpg in Resources */,
				023D26391E447E910061FEB8 /* CustomCell.xib in Resources */,
				023D26461E44966C0061FEB8 /* もやし.png in Resources */,
				0262690F1E3B5B4B00CF46EE /* Main.storyboard in Resources */,
				020AA71B1E697C49001A190D /* 鍵.png in Resources */,
				023D26451E44966C0061FEB8 /* とまと.jpg in Resources */,
				02F630F61E6049FB00E2AAEB /* ConfigCell.xib in Resources */,
				02F630E61E57046600E2AAEB /* TyatCell.xib in Resources */,
			);
			runOnlyForDeploymentPostprocessing = 0;
		};
		026269181E3B5B4B00CF46EE /* Resources */ = {
			isa = PBXResourcesBuildPhase;
			buildActionMask = 2147483647;
			files = (
			);
			runOnlyForDeploymentPostprocessing = 0;
		};
		026269231E3B5B4B00CF46EE /* Resources */ = {
			isa = PBXResourcesBuildPhase;
			buildActionMask = 2147483647;
			files = (
			);
			runOnlyForDeploymentPostprocessing = 0;
		};
/* End PBXResourcesBuildPhase section */

/* Begin PBXSourcesBuildPhase section */
		026269021E3B5B4B00CF46EE /* Sources */ = {
			isa = PBXSourcesBuildPhase;
			buildActionMask = 2147483647;
			files = (
				02F630E31E5701EA00E2AAEB /* CreateNewGroupCell.swift in Sources */,
				02F630F01E6044D400E2AAEB /* MakeViewController.swift in Sources */,
				02F630F41E6048DE00E2AAEB /* MakeCell.swift in Sources */,
				02F630FA1E604D1B00E2AAEB /* ConfigViewController.swift in Sources */,
				02C1DED51E72C25D004CA93D /* FriendsViewController.swift in Sources */,
				0262690C1E3B5B4B00CF46EE /* ViewController.swift in Sources */,
				023D26491E44A3550061FEB8 /* ProfillViewController.swift in Sources */,
				02F630E81E57054800E2AAEB /* TyatCell.swift in Sources */,
				02C1DEDB1E72C494004CA93D /* FriendsCell.swift in Sources */,
				023D263B1E447F3D0061FEB8 /* CustomCell.swift in Sources */,
				02F630F81E604B3F00E2AAEB /* ConfigCell.swift in Sources */,
				0262690A1E3B5B4B00CF46EE /* AppDelegate.swift in Sources */,
				02F630EA1E5708E300E2AAEB /* TyatViewController.swift in Sources */,
			);
			runOnlyForDeploymentPostprocessing = 0;
		};
		026269161E3B5B4B00CF46EE /* Sources */ = {
			isa = PBXSourcesBuildPhase;
			buildActionMask = 2147483647;
			files = (
				0262691F1E3B5B4B00CF46EE /* TechpodTests.swift in Sources */,
			);
			runOnlyForDeploymentPostprocessing = 0;
		};
		026269211E3B5B4B00CF46EE /* Sources */ = {
			isa = PBXSourcesBuildPhase;
			buildActionMask = 2147483647;
			files = (
				0262692A1E3B5B4B00CF46EE /* TechpodUITests.swift in Sources */,
			);
			runOnlyForDeploymentPostprocessing = 0;
		};
/* End PBXSourcesBuildPhase section */

/* Begin PBXTargetDependency section */
		0262691C1E3B5B4B00CF46EE /* PBXTargetDependency */ = {
			isa = PBXTargetDependency;
			target = 026269051E3B5B4B00CF46EE /* Techpod */;
			targetProxy = 0262691B1E3B5B4B00CF46EE /* PBXContainerItemProxy */;
		};
		026269271E3B5B4B00CF46EE /* PBXTargetDependency */ = {
			isa = PBXTargetDependency;
			target = 026269051E3B5B4B00CF46EE /* Techpod */;
			targetProxy = 026269261E3B5B4B00CF46EE /* PBXContainerItemProxy */;
		};
/* End PBXTargetDependency section */

/* Begin PBXVariantGroup section */
		0262690D1E3B5B4B00CF46EE /* Main.storyboard */ = {
			isa = PBXVariantGroup;
			children = (
				0262690E1E3B5B4B00CF46EE /* Base */,
			);
			name = Main.storyboard;
			sourceTree = "<group>";
		};
		026269121E3B5B4B00CF46EE /* LaunchScreen.storyboard */ = {
			isa = PBXVariantGroup;
			children = (
				026269131E3B5B4B00CF46EE /* Base */,
			);
			name = LaunchScreen.storyboard;
			sourceTree = "<group>";
		};
/* End PBXVariantGroup section */

/* Begin XCBuildConfiguration section */
		0262692C1E3B5B4B00CF46EE /* Debug */ = {
			isa = XCBuildConfiguration;
			buildSettings = {
				ALWAYS_SEARCH_USER_PATHS = NO;
				CLANG_ANALYZER_NONNULL = YES;
				CLANG_CXX_LANGUAGE_STANDARD = "gnu++0x";
				CLANG_CXX_LIBRARY = "libc++";
				CLANG_ENABLE_MODULES = YES;
				CLANG_ENABLE_OBJC_ARC = YES;
				CLANG_WARN_BOOL_CONVERSION = YES;
				CLANG_WARN_CONSTANT_CONVERSION = YES;
				CLANG_WARN_DIRECT_OBJC_ISA_USAGE = YES_ERROR;
				CLANG_WARN_DOCUMENTATION_COMMENTS = YES;
				CLANG_WARN_EMPTY_BODY = YES;
				CLANG_WARN_ENUM_CONVERSION = YES;
				CLANG_WARN_INFINITE_RECURSION = YES;
				CLANG_WARN_INT_CONVERSION = YES;
				CLANG_WARN_OBJC_ROOT_CLASS = YES_ERROR;
				CLANG_WARN_SUSPICIOUS_MOVE = YES;
				CLANG_WARN_UNREACHABLE_CODE = YES;
				CLANG_WARN__DUPLICATE_METHOD_MATCH = YES;
				"CODE_SIGN_IDENTITY[sdk=iphoneos*]" = "iPhone Developer";
				COPY_PHASE_STRIP = NO;
				DEBUG_INFORMATION_FORMAT = dwarf;
				ENABLE_STRICT_OBJC_MSGSEND = YES;
				ENABLE_TESTABILITY = YES;
				GCC_C_LANGUAGE_STANDARD = gnu99;
				GCC_DYNAMIC_NO_PIC = NO;
				GCC_NO_COMMON_BLOCKS = YES;
				GCC_OPTIMIZATION_LEVEL = 0;
				GCC_PREPROCESSOR_DEFINITIONS = (
					"DEBUG=1",
					"$(inherited)",
				);
				GCC_WARN_64_TO_32_BIT_CONVERSION = YES;
				GCC_WARN_ABOUT_RETURN_TYPE = YES_ERROR;
				GCC_WARN_UNDECLARED_SELECTOR = YES;
				GCC_WARN_UNINITIALIZED_AUTOS = YES_AGGRESSIVE;
				GCC_WARN_UNUSED_FUNCTION = YES;
				GCC_WARN_UNUSED_VARIABLE = YES;
				IPHONEOS_DEPLOYMENT_TARGET = 10.2;
				MTL_ENABLE_DEBUG_INFO = YES;
				ONLY_ACTIVE_ARCH = YES;
				SDKROOT = iphoneos;
				SWIFT_ACTIVE_COMPILATION_CONDITIONS = DEBUG;
				SWIFT_OPTIMIZATION_LEVEL = "-Onone";
			};
			name = Debug;
		};
		0262692D1E3B5B4B00CF46EE /* Release */ = {
			isa = XCBuildConfiguration;
			buildSettings = {
				ALWAYS_SEARCH_USER_PATHS = NO;
				CLANG_ANALYZER_NONNULL = YES;
				CLANG_CXX_LANGUAGE_STANDARD = "gnu++0x";
				CLANG_CXX_LIBRARY = "libc++";
				CLANG_ENABLE_MODULES = YES;
				CLANG_ENABLE_OBJC_ARC = YES;
				CLANG_WARN_BOOL_CONVERSION = YES;
				CLANG_WARN_CONSTANT_CONVERSION = YES;
				CLANG_WARN_DIRECT_OBJC_ISA_USAGE = YES_ERROR;
				CLANG_WARN_DOCUMENTATION_COMMENTS = YES;
				CLANG_WARN_EMPTY_BODY = YES;
				CLANG_WARN_ENUM_CONVERSION = YES;
				CLANG_WARN_INFINITE_RECURSION = YES;
				CLANG_WARN_INT_CONVERSION = YES;
				CLANG_WARN_OBJC_ROOT_CLASS = YES_ERROR;
				CLANG_WARN_SUSPICIOUS_MOVE = YES;
				CLANG_WARN_UNREACHABLE_CODE = YES;
				CLANG_WARN__DUPLICATE_METHOD_MATCH = YES;
				"CODE_SIGN_IDENTITY[sdk=iphoneos*]" = "iPhone Developer";
				COPY_PHASE_STRIP = NO;
				DEBUG_INFORMATION_FORMAT = "dwarf-with-dsym";
				ENABLE_NS_ASSERTIONS = NO;
				ENABLE_STRICT_OBJC_MSGSEND = YES;
				GCC_C_LANGUAGE_STANDARD = gnu99;
				GCC_NO_COMMON_BLOCKS = YES;
				GCC_WARN_64_TO_32_BIT_CONVERSION = YES;
				GCC_WARN_ABOUT_RETURN_TYPE = YES_ERROR;
				GCC_WARN_UNDECLARED_SELECTOR = YES;
				GCC_WARN_UNINITIALIZED_AUTOS = YES_AGGRESSIVE;
				GCC_WARN_UNUSED_FUNCTION = YES;
				GCC_WARN_UNUSED_VARIABLE = YES;
				IPHONEOS_DEPLOYMENT_TARGET = 10.2;
				MTL_ENABLE_DEBUG_INFO = NO;
				SDKROOT = iphoneos;
				SWIFT_OPTIMIZATION_LEVEL = "-Owholemodule";
				VALIDATE_PRODUCT = YES;
			};
			name = Release;
		};
		0262692F1E3B5B4B00CF46EE /* Debug */ = {
			isa = XCBuildConfiguration;
			buildSettings = {
				ASSETCATALOG_COMPILER_APPICON_NAME = AppIcon;
				INFOPLIST_FILE = Techpod/Info.plist;
				LD_RUNPATH_SEARCH_PATHS = "$(inherited) @executable_path/Frameworks";
				PRODUCT_BUNDLE_IDENTIFIER = com.souri.Techpod;
				PRODUCT_NAME = "$(TARGET_NAME)";
				SWIFT_VERSION = 3.0;
			};
			name = Debug;
		};
		026269301E3B5B4B00CF46EE /* Release */ = {
			isa = XCBuildConfiguration;
			buildSettings = {
				ASSETCATALOG_COMPILER_APPICON_NAME = AppIcon;
				INFOPLIST_FILE = Techpod/Info.plist;
				LD_RUNPATH_SEARCH_PATHS = "$(inherited) @executable_path/Frameworks";
				PRODUCT_BUNDLE_IDENTIFIER = com.souri.Techpod;
				PRODUCT_NAME = "$(TARGET_NAME)";
				SWIFT_VERSION = 3.0;
			};
			name = Release;
		};
		026269321E3B5B4B00CF46EE /* Debug */ = {
			isa = XCBuildConfiguration;
			buildSettings = {
				ALWAYS_EMBED_SWIFT_STANDARD_LIBRARIES = YES;
				BUNDLE_LOADER = "$(TEST_HOST)";
				INFOPLIST_FILE = TechpodTests/Info.plist;
				LD_RUNPATH_SEARCH_PATHS = "$(inherited) @executable_path/Frameworks @loader_path/Frameworks";
				PRODUCT_BUNDLE_IDENTIFIER = com.souri.TechpodTests;
				PRODUCT_NAME = "$(TARGET_NAME)";
				SWIFT_VERSION = 3.0;
				TEST_HOST = "$(BUILT_PRODUCTS_DIR)/Techpod.app/Techpod";
			};
			name = Debug;
		};
		026269331E3B5B4B00CF46EE /* Release */ = {
			isa = XCBuildConfiguration;
			buildSettings = {
				ALWAYS_EMBED_SWIFT_STANDARD_LIBRARIES = YES;
				BUNDLE_LOADER = "$(TEST_HOST)";
				INFOPLIST_FILE = TechpodTests/Info.plist;
				LD_RUNPATH_SEARCH_PATHS = "$(inherited) @executable_path/Frameworks @loader_path/Frameworks";
				PRODUCT_BUNDLE_IDENTIFIER = com.souri.TechpodTests;
				PRODUCT_NAME = "$(TARGET_NAME)";
				SWIFT_VERSION = 3.0;
				TEST_HOST = "$(BUILT_PRODUCTS_DIR)/Techpod.app/Techpod";
			};
			name = Release;
		};
		026269351E3B5B4B00CF46EE /* Debug */ = {
			isa = XCBuildConfiguration;
			buildSettings = {
				ALWAYS_EMBED_SWIFT_STANDARD_LIBRARIES = YES;
				INFOPLIST_FILE = TechpodUITests/Info.plist;
				LD_RUNPATH_SEARCH_PATHS = "$(inherited) @executable_path/Frameworks @loader_path/Frameworks";
				PRODUCT_BUNDLE_IDENTIFIER = com.souri.TechpodUITests;
				PRODUCT_NAME = "$(TARGET_NAME)";
				SWIFT_VERSION = 3.0;
				TEST_TARGET_NAME = Techpod;
			};
			name = Debug;
		};
		026269361E3B5B4B00CF46EE /* Release */ = {
			isa = XCBuildConfiguration;
			buildSettings = {
				ALWAYS_EMBED_SWIFT_STANDARD_LIBRARIES = YES;
				INFOPLIST_FILE = TechpodUITests/Info.plist;
				LD_RUNPATH_SEARCH_PATHS = "$(inherited) @executable_path/Frameworks @loader_path/Frameworks";
				PRODUCT_BUNDLE_IDENTIFIER = com.souri.TechpodUITests;
				PRODUCT_NAME = "$(TARGET_NAME)";
				SWIFT_VERSION = 3.0;
				TEST_TARGET_NAME = Techpod;
			};
			name = Release;
		};
/* End XCBuildConfiguration section */

/* Begin XCConfigurationList section */
		026269011E3B5B4B00CF46EE /* Build configuration list for PBXProject "Techpod" */ = {
			isa = XCConfigurationList;
			buildConfigurations = (
				0262692C1E3B5B4B00CF46EE /* Debug */,
				0262692D1E3B5B4B00CF46EE /* Release */,
			);
			defaultConfigurationIsVisible = 0;
			defaultConfigurationName = Release;
		};
		0262692E1E3B5B4B00CF46EE /* Build configuration list for PBXNativeTarget "Techpod" */ = {
			isa = XCConfigurationList;
			buildConfigurations = (
				0262692F1E3B5B4B00CF46EE /* Debug */,
				026269301E3B5B4B00CF46EE /* Release */,
			);
			defaultConfigurationIsVisible = 0;
			defaultConfigurationName = Release;
		};
		026269311E3B5B4B00CF46EE /* Build configuration list for PBXNativeTarget "TechpodTests" */ = {
			isa = XCConfigurationList;
			buildConfigurations = (
				026269321E3B5B4B00CF46EE /* Debug */,
				026269331E3B5B4B00CF46EE /* Release */,
			);
			defaultConfigurationIsVisible = 0;
			defaultConfigurationName = Release;
		};
		026269341E3B5B4B00CF46EE /* Build configuration list for PBXNativeTarget "TechpodUITests" */ = {
			isa = XCConfigurationList;
			buildConfigurations = (
				026269351E3B5B4B00CF46EE /* Debug */,
				026269361E3B5B4B00CF46EE /* Release */,
			);
			defaultConfigurationIsVisible = 0;
			defaultConfigurationName = Release;
		};
/* End XCConfigurationList section */
	};
	rootObject = 026268FE1E3B5B4B00CF46EE /* Project object */;
}
